
Microsoft Visual Studio Solution File, Format Version 12.00
# Visual Studio Version 17
VisualStudioVersion = 17.5.33502.453
MinimumVisualStudioVersion = 10.0.40219.1
Project("{8BC9CEB8-8B4A-11D0-8D11-00A0C91BC942}") = "ProblemMultiWaris", "ProblemMultiWaris\ProblemMultiWaris.vcxproj", "{A520764B-BE72-4E5D-BB2F-548136D7598F}"
EndProject
Global
	GlobalSection(SolutionConfigurationPlatforms) = preSolution
		Debug|x64 = Debug|x64
		Debug|x86 = Debug|x86
		Release|x64 = Release|x64
		Release|x86 = Release|x86
	EndGlobalSection
	GlobalSection(ProjectConfigurationPlatforms) = postSolution
		{A520764B-BE72-4E5D-BB2F-548136D7598F}.Debug|x64.ActiveCfg = Debug|x64
		{A520764B-BE72-4E5D-BB2F-548136D7598F}.Debug|x64.Build.0 = Debug|x64
		{A520764B-BE72-4E5D-BB2F-548136D7598F}.Debug|x86.ActiveCfg = Debug|Win32
		{A520764B-BE72-4E5D-BB2F-548136D7598F}.Debug|x86.Build.0 = Debug|Win32
		{A520764B-BE72-4E5D-BB2F-548136D7598F}.Release|x64.ActiveCfg = Release|x64
		{A520764B-BE72-4E5D-BB2F-548136D7598F}.Release|x64.Build.0 = Release|x64
		{A520764B-BE72-4E5D-BB2F-548136D7598F}.Release|x86.ActiveCfg = Release|Win32
		{A520764B-BE72-4E5D-BB2F-548136D7598F}.Release|x86.Build.0 = Release|Win32
	EndGlobalSection
	GlobalSection(SolutionProperties) = preSolution
		HideSolutionNode = FALSE
	EndGlobalSection
	GlobalSection(ExtensibilityGlobals) = postSolution
		SolutionGuid = {929AA5DF-4DE2-4A2C-AF75-9CB51D8DF875}
	EndGlobalSection
EndGlobal
